{
  "object": {
    "pins": [
      {
        "package": "Anchorage",
        "repositoryURL": "https://github.com/Rightpoint/Anchorage",
        "state": {
          "branch": null,
          "revision": "18fed38e95db3200aecbd5b7101b981f91656084",
          "version": "4.4.0"
        }
      },
      {
        "package": "PromiseKit",
        "repositoryURL": "https://github.com/mxcl/PromiseKit",
        "state": {
          "branch": null,
          "revision": "f14f16cc2602afec1030e4f492100d6d43dca544",
          "version": "6.13.1"
        }
      },
      {
        "package": "SwiftEventBus",
        "repositoryURL": "https://github.com/cesarferreira/SwiftEventBus",
        "state": {
          "branch": null,
          "revision": "cea5121162d88f233f392f63acbc8468fdd77927",
          "version": "5.0.1"
        }
      },
      {
        "package": "XCGLogger",
        "repositoryURL": "https://github.com/DaveWoodCom/XCGLogger",
        "state": {
          "branch": null,
          "revision": "a9c4667b247928a29bdd41be2ec2c8d304215a54",
          "version": "7.0.1"
        }
      }
    ]
  },
  "version": 1
}
