// !$*UTF8*$!
{
	archiveVersion = 1;
	classes = {
	};
	objectVersion = 52;
	objects = {

/* Begin PBXBuildFile section */
		4114928E24307A950027DBE5 /* FreeStreamer.framework in Frameworks */ = {isa = PBXBuildFile; fileRef = 4114927E24307A310027DBE5 /* FreeStreamer.framework */; };
		4114928F24307A950027DBE5 /* FreeStreamer.framework in Embed Frameworks */ = {isa = PBXBuildFile; fileRef = 4114927E24307A310027DBE5 /* FreeStreamer.framework */; settings = {ATTRIBUTES = (RemoveHeadersOnCopy, ); }; };
		4114929124307A970027DBE5 /* GoogleAppMeasurement.framework in Frameworks */ = {isa = PBXBuildFile; fileRef = 4114927F24307A310027DBE5 /* GoogleAppMeasurement.framework */; };
		4114929324307A980027DBE5 /* GoogleMobileAds.framework in Frameworks */ = {isa = PBXBuildFile; fileRef = 4114928024307A310027DBE5 /* GoogleMobileAds.framework */; };
		4114929524307A9A0027DBE5 /* GoogleUtilities.framework in Frameworks */ = {isa = PBXBuildFile; fileRef = 4114928124307A310027DBE5 /* GoogleUtilities.framework */; };
		4114929724307A9C0027DBE5 /* nanopb.framework in Frameworks */ = {isa = PBXBuildFile; fileRef = 4114928224307A310027DBE5 /* nanopb.framework */; };
		4114929A24307C200027DBE5 /* UIViewController+StatusBar.swift in Sources */ = {isa = PBXBuildFile; fileRef = 4114929924307C200027DBE5 /* UIViewController+StatusBar.swift */; };
		41DA057E242E4C6800240840 /* PromiseKit in Frameworks */ = {isa = PBXBuildFile; productRef = 41DA057D242E4C6800240840 /* PromiseKit */; };
		41DA0581242E4CDE00240840 /* Anchorage in Frameworks */ = {isa = PBXBuildFile; productRef = 41DA0580242E4CDE00240840 /* Anchorage */; };
		41DA0587242E4D4F00240840 /* ObjcExceptionBridging in Frameworks */ = {isa = PBXBuildFile; productRef = 41DA0586242E4D4F00240840 /* ObjcExceptionBridging */; };
		41DA0589242E4D4F00240840 /* XCGLogger in Frameworks */ = {isa = PBXBuildFile; productRef = 41DA0588242E4D4F00240840 /* XCGLogger */; };
		41DA058C242E4EF500240840 /* SwiftEventBus in Frameworks */ = {isa = PBXBuildFile; productRef = 41DA058B242E4EF500240840 /* SwiftEventBus */; };
		B509260F200234B6001E1EC5 /* JahAudioPlayer.swift in Sources */ = {isa = PBXBuildFile; fileRef = B509260E200234B6001E1EC5 /* JahAudioPlayer.swift */; };
		B51374A82079220B00D0EC25 /* .swiftlint.yml in Resources */ = {isa = PBXBuildFile; fileRef = B51374A72079220900D0EC25 /* .swiftlint.yml */; };
		B5213FCF2192ACC400779AAE /* privacy_policy.html in Resources */ = {isa = PBXBuildFile; fileRef = B5213FCE2192ACC300779AAE /* privacy_policy.html */; };
		B5247F6E1FF6906500B4F5E0 /* UIView+Extensions.swift in Sources */ = {isa = PBXBuildFile; fileRef = B5247F6D1FF6906500B4F5E0 /* UIView+Extensions.swift */; };
		B54E6FEC2021DE55000762B1 /* DisclaimerPopup.swift in Sources */ = {isa = PBXBuildFile; fileRef = B54E6FEB2021DE55000762B1 /* DisclaimerPopup.swift */; };
		B5501AC2200A43C8005284A4 /* unicorn.mp3 in Resources */ = {isa = PBXBuildFile; fileRef = B5501AC1200A43C8005284A4 /* unicorn.mp3 */; };
		B563BF141FF051D600CEAEB8 /* EffectViewController.swift in Sources */ = {isa = PBXBuildFile; fileRef = B563BF131FF051D600CEAEB8 /* EffectViewController.swift */; };
		B563BF161FF051F600CEAEB8 /* StationsViewController.swift in Sources */ = {isa = PBXBuildFile; fileRef = B563BF151FF051F600CEAEB8 /* StationsViewController.swift */; };
		B563BF181FF0520100CEAEB8 /* SettingsViewController.swift in Sources */ = {isa = PBXBuildFile; fileRef = B563BF171FF0520100CEAEB8 /* SettingsViewController.swift */; };
		B579103B1FF66983007F4C7B /* UIImage+Extensions.swift in Sources */ = {isa = PBXBuildFile; fileRef = B579103A1FF66983007F4C7B /* UIImage+Extensions.swift */; };
		B58BF8F11FF4E9750013594E /* UserReadableError.swift in Sources */ = {isa = PBXBuildFile; fileRef = B58BF8EE1FF4E9750013594E /* UserReadableError.swift */; };
		B58BF8F21FF4E9750013594E /* ErrorReporter.swift in Sources */ = {isa = PBXBuildFile; fileRef = B58BF8EF1FF4E9750013594E /* ErrorReporter.swift */; };
		B58BF8F31FF4E9750013594E /* ErrorReporterProtocol.swift in Sources */ = {isa = PBXBuildFile; fileRef = B58BF8F01FF4E9750013594E /* ErrorReporterProtocol.swift */; };
		B58BF8F51FF4E9F90013594E /* UIApplication+TopViewController.swift in Sources */ = {isa = PBXBuildFile; fileRef = B58BF8F41FF4E9F90013594E /* UIApplication+TopViewController.swift */; };
		B58BF8F71FF4FC840013594E /* EffectView.swift in Sources */ = {isa = PBXBuildFile; fileRef = B58BF8F61FF4FC840013594E /* EffectView.swift */; };
		B58BF8F91FF4FDD60013594E /* EffectView.xib in Resources */ = {isa = PBXBuildFile; fileRef = B58BF8F81FF4FDD60013594E /* EffectView.xib */; };
		B58C0CE91FEE82100031BC88 /* Logger.swift in Sources */ = {isa = PBXBuildFile; fileRef = B58C0CE61FEE820F0031BC88 /* Logger.swift */; };
		B58C0CEA1FEE82100031BC88 /* ROLogger+XCGLogger.swift in Sources */ = {isa = PBXBuildFile; fileRef = B58C0CE71FEE82100031BC88 /* ROLogger+XCGLogger.swift */; };
		B58C0CEB1FEE82100031BC88 /* ROLogger.swift in Sources */ = {isa = PBXBuildFile; fileRef = B58C0CE81FEE82100031BC88 /* ROLogger.swift */; };
		B58C0D111FEE85A40031BC88 /* String+Extensions.swift in Sources */ = {isa = PBXBuildFile; fileRef = B58C0D101FEE85A40031BC88 /* String+Extensions.swift */; };
		B58C0D231FEE862D0031BC88 /* Dictionary+Extensions.swift in Sources */ = {isa = PBXBuildFile; fileRef = B58C0D211FEE862D0031BC88 /* Dictionary+Extensions.swift */; };
		B58C0D241FEE862D0031BC88 /* Dictionary+KeypathExtension.swift in Sources */ = {isa = PBXBuildFile; fileRef = B58C0D221FEE862D0031BC88 /* Dictionary+KeypathExtension.swift */; };
		B58C0D2A1FEE87090031BC88 /* BuildConfiguration.swift in Sources */ = {isa = PBXBuildFile; fileRef = B58C0D291FEE87090031BC88 /* BuildConfiguration.swift */; };
		B58C0D2E1FEE88840031BC88 /* FormattingExtensions.swift in Sources */ = {isa = PBXBuildFile; fileRef = B58C0D2D1FEE88840031BC88 /* FormattingExtensions.swift */; };
		B593DFC22197F52E00AF1807 /* StationList.swift in Sources */ = {isa = PBXBuildFile; fileRef = B593DFC12197F52E00AF1807 /* StationList.swift */; };
		B593DFC52197F5F600AF1807 /* DataStore.swift in Sources */ = {isa = PBXBuildFile; fileRef = B593DFC42197F5F600AF1807 /* DataStore.swift */; };
		B59FD8D7218F34120085EFBD /* PrivacyPolicyViewController.swift in Sources */ = {isa = PBXBuildFile; fileRef = B59FD8D6218F34120085EFBD /* PrivacyPolicyViewController.swift */; };
		B5A48F4F1FDE7BB70052C6A1 /* AppDelegate.swift in Sources */ = {isa = PBXBuildFile; fileRef = B5A48F4E1FDE7BB70052C6A1 /* AppDelegate.swift */; };
		B5A48F511FDE7BB70052C6A1 /* RootViewController.swift in Sources */ = {isa = PBXBuildFile; fileRef = B5A48F501FDE7BB70052C6A1 /* RootViewController.swift */; };
		B5A48F541FDE7BB70052C6A1 /* Main.storyboard in Resources */ = {isa = PBXBuildFile; fileRef = B5A48F521FDE7BB70052C6A1 /* Main.storyboard */; };
		B5A48F561FDE7BB70052C6A1 /* Assets.xcassets in Resources */ = {isa = PBXBuildFile; fileRef = B5A48F551FDE7BB70052C6A1 /* Assets.xcassets */; };
		B5A48F591FDE7BB70052C6A1 /* LaunchScreen.storyboard in Resources */ = {isa = PBXBuildFile; fileRef = B5A48F571FDE7BB70052C6A1 /* LaunchScreen.storyboard */; };
		B5AAF7181FEFE21200C3504E /* GradientView.swift in Sources */ = {isa = PBXBuildFile; fileRef = B5AAF7171FEFE21200C3504E /* GradientView.swift */; };
		B5AAF71A1FEFE7E100C3504E /* Colors.xcassets in Resources */ = {isa = PBXBuildFile; fileRef = B5AAF7191FEFE7E100C3504E /* Colors.xcassets */; };
		B5AAF71C1FEFE8A300C3504E /* UIColor+Additions.swift in Sources */ = {isa = PBXBuildFile; fileRef = B5AAF71B1FEFE8A200C3504E /* UIColor+Additions.swift */; };
		B5CCA875218DB80F005F2211 /* NetworkService.swift in Sources */ = {isa = PBXBuildFile; fileRef = B5CCA874218DB719005F2211 /* NetworkService.swift */; };
		B5D43D441FF61BCE003883FA /* RadioPlayer.swift in Sources */ = {isa = PBXBuildFile; fileRef = B5D43D431FF61BCE003883FA /* RadioPlayer.swift */; };
		B5D43D471FF61E77003883FA /* EventIdentifiers.swift in Sources */ = {isa = PBXBuildFile; fileRef = B5D43D461FF61E77003883FA /* EventIdentifiers.swift */; };
		B5D43D491FF620BF003883FA /* Effects.bundle in Resources */ = {isa = PBXBuildFile; fileRef = B5D43D481FF620BF003883FA /* Effects.bundle */; };
		B5DB5F931FE6A9ED003E28FF /* ShoutcastAPI.swift in Sources */ = {isa = PBXBuildFile; fileRef = B5DB5F921FE6A9ED003E28FF /* ShoutcastAPI.swift */; };
		B5DB5F981FE6ADE4003E28FF /* AppDependencies.swift in Sources */ = {isa = PBXBuildFile; fileRef = B5DB5F971FE6ADE4003E28FF /* AppDependencies.swift */; };
		B5DB5F9D1FE6B28B003E28FF /* XMLObjectParser.swift in Sources */ = {isa = PBXBuildFile; fileRef = B5DB5F9C1FE6B28B003E28FF /* XMLObjectParser.swift */; };
		B5DB5F9F1FE6B95A003E28FF /* StationsParser.swift in Sources */ = {isa = PBXBuildFile; fileRef = B5DB5F9E1FE6B95A003E28FF /* StationsParser.swift */; };
		B5F9713C2019A5F20039F878 /* WeakRef.swift in Sources */ = {isa = PBXBuildFile; fileRef = B5F9713B2019A5F20039F878 /* WeakRef.swift */; };
		B5F9713E2019A6020039F878 /* WeakRefCollection.swift in Sources */ = {isa = PBXBuildFile; fileRef = B5F9713D2019A6020039F878 /* WeakRefCollection.swift */; };
		B5F971552019C6840039F878 /* FloatingLabel.swift in Sources */ = {isa = PBXBuildFile; fileRef = B5F971542019C6840039F878 /* FloatingLabel.swift */; };
		B5F971572019D1BD0039F878 /* JahUserDefaults.swift in Sources */ = {isa = PBXBuildFile; fileRef = B5F971562019D1BD0039F878 /* JahUserDefaults.swift */; };
		B5FF42761FF0CDF200F8AEDC /* EffectCell.swift in Sources */ = {isa = PBXBuildFile; fileRef = B5FF42751FF0CDF200F8AEDC /* EffectCell.swift */; };
		B5FF42781FF0CE0F00F8AEDC /* StationCell.swift in Sources */ = {isa = PBXBuildFile; fileRef = B5FF42771FF0CE0F00F8AEDC /* StationCell.swift */; };
		B5FF427E1FF0DBC700F8AEDC /* Effect.swift in Sources */ = {isa = PBXBuildFile; fileRef = B5FF427D1FF0DBC700F8AEDC /* Effect.swift */; };
		B5FF42801FF0FD9B00F8AEDC /* EffectHeader.swift in Sources */ = {isa = PBXBuildFile; fileRef = B5FF427F1FF0FD9B00F8AEDC /* EffectHeader.swift */; };
		B5FF42821FF1188100F8AEDC /* TabBarController.swift in Sources */ = {isa = PBXBuildFile; fileRef = B5FF42811FF1188100F8AEDC /* TabBarController.swift */; };
		B5FF42851FF1415000F8AEDC /* RadioPlayerViewController.swift in Sources */ = {isa = PBXBuildFile; fileRef = B5FF42841FF1415000F8AEDC /* RadioPlayerViewController.swift */; };
/* End PBXBuildFile section */

/* Begin PBXCopyFilesBuildPhase section */
		4114929024307A950027DBE5 /* Embed Frameworks */ = {
			isa = PBXCopyFilesBuildPhase;
			buildActionMask = 2147483647;
			dstPath = "";
			dstSubfolderSpec = 10;
			files = (
				4114928F24307A950027DBE5 /* FreeStreamer.framework in Embed Frameworks */,
			);
			name = "Embed Frameworks";
			runOnlyForDeploymentPostprocessing = 0;
		};
/* End PBXCopyFilesBuildPhase section */

/* Begin PBXFileReference section */
		4114927E24307A310027DBE5 /* FreeStreamer.framework */ = {isa = PBXFileReference; lastKnownFileType = wrapper.framework; name = FreeStreamer.framework; path = Frameworks/FreeStreamer.framework; sourceTree = "<group>"; };
		4114927F24307A310027DBE5 /* GoogleAppMeasurement.framework */ = {isa = PBXFileReference; lastKnownFileType = wrapper.framework; name = GoogleAppMeasurement.framework; path = Frameworks/GoogleAppMeasurement.framework; sourceTree = "<group>"; };
		4114928024307A310027DBE5 /* GoogleMobileAds.framework */ = {isa = PBXFileReference; lastKnownFileType = wrapper.framework; name = GoogleMobileAds.framework; path = Frameworks/GoogleMobileAds.framework; sourceTree = "<group>"; };
		4114928124307A310027DBE5 /* GoogleUtilities.framework */ = {isa = PBXFileReference; lastKnownFileType = wrapper.framework; name = GoogleUtilities.framework; path = Frameworks/GoogleUtilities.framework; sourceTree = "<group>"; };
		4114928224307A310027DBE5 /* nanopb.framework */ = {isa = PBXFileReference; lastKnownFileType = wrapper.framework; name = nanopb.framework; path = Frameworks/nanopb.framework; sourceTree = "<group>"; };
		4114929924307C200027DBE5 /* UIViewController+StatusBar.swift */ = {isa = PBXFileReference; lastKnownFileType = sourcecode.swift; path = "UIViewController+StatusBar.swift"; sourceTree = "<group>"; };
		419295DB2379A87700F9BCF4 /* README.md */ = {isa = PBXFileReference; lastKnownFileType = net.daringfireball.markdown; name = README.md; path = ../README.md; sourceTree = "<group>"; };
		B50794522008A9E8008CF3F0 /* QA.xcconfig */ = {isa = PBXFileReference; fileEncoding = 4; lastKnownFileType = text.xcconfig; path = QA.xcconfig; sourceTree = "<group>"; };
		B509260E200234B6001E1EC5 /* JahAudioPlayer.swift */ = {isa = PBXFileReference; lastKnownFileType = sourcecode.swift; path = JahAudioPlayer.swift; sourceTree = "<group>"; };
		B51374A72079220900D0EC25 /* .swiftlint.yml */ = {isa = PBXFileReference; fileEncoding = 4; lastKnownFileType = text; path = .swiftlint.yml; sourceTree = "<group>"; };
		B5213FCE2192ACC300779AAE /* privacy_policy.html */ = {isa = PBXFileReference; fileEncoding = 4; lastKnownFileType = text.html; path = privacy_policy.html; sourceTree = "<group>"; };
		B5247F6D1FF6906500B4F5E0 /* UIView+Extensions.swift */ = {isa = PBXFileReference; fileEncoding = 4; lastKnownFileType = sourcecode.swift; path = "UIView+Extensions.swift"; sourceTree = "<group>"; };
		B52E494C2015DEA200E30625 /* JahPress.entitlements */ = {isa = PBXFileReference; lastKnownFileType = text.plist.entitlements; path = JahPress.entitlements; sourceTree = "<group>"; };
		B54E6FEB2021DE55000762B1 /* DisclaimerPopup.swift */ = {isa = PBXFileReference; lastKnownFileType = sourcecode.swift; path = DisclaimerPopup.swift; sourceTree = "<group>"; };
		B5501AC1200A43C8005284A4 /* unicorn.mp3 */ = {isa = PBXFileReference; lastKnownFileType = audio.mp3; path = unicorn.mp3; sourceTree = "<group>"; };
		B563BF131FF051D600CEAEB8 /* EffectViewController.swift */ = {isa = PBXFileReference; lastKnownFileType = sourcecode.swift; path = EffectViewController.swift; sourceTree = "<group>"; };
		B563BF151FF051F600CEAEB8 /* StationsViewController.swift */ = {isa = PBXFileReference; lastKnownFileType = sourcecode.swift; path = StationsViewController.swift; sourceTree = "<group>"; };
		B563BF171FF0520100CEAEB8 /* SettingsViewController.swift */ = {isa = PBXFileReference; lastKnownFileType = sourcecode.swift; path = SettingsViewController.swift; sourceTree = "<group>"; };
		B579103A1FF66983007F4C7B /* UIImage+Extensions.swift */ = {isa = PBXFileReference; lastKnownFileType = sourcecode.swift; path = "UIImage+Extensions.swift"; sourceTree = "<group>"; };
		B589F3CA2019FD8B00FF799B /* GoogleService-Info.plist */ = {isa = PBXFileReference; fileEncoding = 4; lastKnownFileType = text.plist.xml; path = "GoogleService-Info.plist"; sourceTree = "<group>"; };
		B58BF8E31FF3D3290013594E /* Prod.xcconfig */ = {isa = PBXFileReference; lastKnownFileType = text.xcconfig; path = Prod.xcconfig; sourceTree = "<group>"; };
		B58BF8E41FF3D3290013594E /* Dev.xcconfig */ = {isa = PBXFileReference; lastKnownFileType = text.xcconfig; path = Dev.xcconfig; sourceTree = "<group>"; };
		B58BF8EE1FF4E9750013594E /* UserReadableError.swift */ = {isa = PBXFileReference; fileEncoding = 4; lastKnownFileType = sourcecode.swift; path = UserReadableError.swift; sourceTree = "<group>"; };
		B58BF8EF1FF4E9750013594E /* ErrorReporter.swift */ = {isa = PBXFileReference; fileEncoding = 4; lastKnownFileType = sourcecode.swift; path = ErrorReporter.swift; sourceTree = "<group>"; };
		B58BF8F01FF4E9750013594E /* ErrorReporterProtocol.swift */ = {isa = PBXFileReference; fileEncoding = 4; lastKnownFileType = sourcecode.swift; path = ErrorReporterProtocol.swift; sourceTree = "<group>"; };
		B58BF8F41FF4E9F90013594E /* UIApplication+TopViewController.swift */ = {isa = PBXFileReference; fileEncoding = 4; lastKnownFileType = sourcecode.swift; path = "UIApplication+TopViewController.swift"; sourceTree = "<group>"; };
		B58BF8F61FF4FC840013594E /* EffectView.swift */ = {isa = PBXFileReference; lastKnownFileType = sourcecode.swift; path = EffectView.swift; sourceTree = "<group>"; };
		B58BF8F81FF4FDD60013594E /* EffectView.xib */ = {isa = PBXFileReference; lastKnownFileType = file.xib; path = EffectView.xib; sourceTree = "<group>"; };
		B58C0CE61FEE820F0031BC88 /* Logger.swift */ = {isa = PBXFileReference; fileEncoding = 4; lastKnownFileType = sourcecode.swift; path = Logger.swift; sourceTree = "<group>"; };
		B58C0CE71FEE82100031BC88 /* ROLogger+XCGLogger.swift */ = {isa = PBXFileReference; fileEncoding = 4; lastKnownFileType = sourcecode.swift; path = "ROLogger+XCGLogger.swift"; sourceTree = "<group>"; };
		B58C0CE81FEE82100031BC88 /* ROLogger.swift */ = {isa = PBXFileReference; fileEncoding = 4; lastKnownFileType = sourcecode.swift; path = ROLogger.swift; sourceTree = "<group>"; };
		B58C0D101FEE85A40031BC88 /* String+Extensions.swift */ = {isa = PBXFileReference; fileEncoding = 4; lastKnownFileType = sourcecode.swift; path = "String+Extensions.swift"; sourceTree = "<group>"; };
		B58C0D211FEE862D0031BC88 /* Dictionary+Extensions.swift */ = {isa = PBXFileReference; fileEncoding = 4; lastKnownFileType = sourcecode.swift; path = "Dictionary+Extensions.swift"; sourceTree = "<group>"; };
		B58C0D221FEE862D0031BC88 /* Dictionary+KeypathExtension.swift */ = {isa = PBXFileReference; fileEncoding = 4; lastKnownFileType = sourcecode.swift; path = "Dictionary+KeypathExtension.swift"; sourceTree = "<group>"; };
		B58C0D281FEE86EC0031BC88 /* JahPress.xcconfig */ = {isa = PBXFileReference; lastKnownFileType = text.xcconfig; path = JahPress.xcconfig; sourceTree = "<group>"; };
		B58C0D291FEE87090031BC88 /* BuildConfiguration.swift */ = {isa = PBXFileReference; fileEncoding = 4; lastKnownFileType = sourcecode.swift; path = BuildConfiguration.swift; sourceTree = "<group>"; };
		B58C0D2D1FEE88840031BC88 /* FormattingExtensions.swift */ = {isa = PBXFileReference; fileEncoding = 4; lastKnownFileType = sourcecode.swift; path = FormattingExtensions.swift; sourceTree = "<group>"; };
		B593DFC12197F52E00AF1807 /* StationList.swift */ = {isa = PBXFileReference; fileEncoding = 4; lastKnownFileType = sourcecode.swift; path = StationList.swift; sourceTree = "<group>"; };
		B593DFC42197F5F600AF1807 /* DataStore.swift */ = {isa = PBXFileReference; lastKnownFileType = sourcecode.swift; path = DataStore.swift; sourceTree = "<group>"; };
		B59FD8D6218F34120085EFBD /* PrivacyPolicyViewController.swift */ = {isa = PBXFileReference; lastKnownFileType = sourcecode.swift; path = PrivacyPolicyViewController.swift; sourceTree = "<group>"; };
		B5A48F4B1FDE7BB70052C6A1 /* JahPress.app */ = {isa = PBXFileReference; explicitFileType = wrapper.application; includeInIndex = 0; path = JahPress.app; sourceTree = BUILT_PRODUCTS_DIR; };
		B5A48F4E1FDE7BB70052C6A1 /* AppDelegate.swift */ = {isa = PBXFileReference; lastKnownFileType = sourcecode.swift; path = AppDelegate.swift; sourceTree = "<group>"; };
		B5A48F501FDE7BB70052C6A1 /* RootViewController.swift */ = {isa = PBXFileReference; lastKnownFileType = sourcecode.swift; path = RootViewController.swift; sourceTree = "<group>"; };
		B5A48F531FDE7BB70052C6A1 /* Base */ = {isa = PBXFileReference; lastKnownFileType = file.storyboard; name = Base; path = Base.lproj/Main.storyboard; sourceTree = "<group>"; };
		B5A48F551FDE7BB70052C6A1 /* Assets.xcassets */ = {isa = PBXFileReference; lastKnownFileType = folder.assetcatalog; path = Assets.xcassets; sourceTree = "<group>"; };
		B5A48F581FDE7BB70052C6A1 /* Base */ = {isa = PBXFileReference; lastKnownFileType = file.storyboard; name = Base; path = Base.lproj/LaunchScreen.storyboard; sourceTree = "<group>"; };
		B5A48F5A1FDE7BB70052C6A1 /* Info.plist */ = {isa = PBXFileReference; lastKnownFileType = text.plist.xml; path = Info.plist; sourceTree = "<group>"; };
		B5AAF7161FEFC89200C3504E /* TODOs.rtf */ = {isa = PBXFileReference; lastKnownFileType = text.rtf; path = TODOs.rtf; sourceTree = "<group>"; };
		B5AAF7171FEFE21200C3504E /* GradientView.swift */ = {isa = PBXFileReference; lastKnownFileType = sourcecode.swift; path = GradientView.swift; sourceTree = "<group>"; };
		B5AAF7191FEFE7E100C3504E /* Colors.xcassets */ = {isa = PBXFileReference; lastKnownFileType = folder.assetcatalog; path = Colors.xcassets; sourceTree = "<group>"; };
		B5AAF71B1FEFE8A200C3504E /* UIColor+Additions.swift */ = {isa = PBXFileReference; fileEncoding = 4; lastKnownFileType = sourcecode.swift; path = "UIColor+Additions.swift"; sourceTree = "<group>"; };
		B5CCA874218DB719005F2211 /* NetworkService.swift */ = {isa = PBXFileReference; lastKnownFileType = sourcecode.swift; path = NetworkService.swift; sourceTree = "<group>"; };
		B5D43D431FF61BCE003883FA /* RadioPlayer.swift */ = {isa = PBXFileReference; lastKnownFileType = sourcecode.swift; path = RadioPlayer.swift; sourceTree = "<group>"; };
		B5D43D461FF61E77003883FA /* EventIdentifiers.swift */ = {isa = PBXFileReference; lastKnownFileType = sourcecode.swift; path = EventIdentifiers.swift; sourceTree = "<group>"; };
		B5D43D481FF620BF003883FA /* Effects.bundle */ = {isa = PBXFileReference; lastKnownFileType = "wrapper.plug-in"; path = Effects.bundle; sourceTree = "<group>"; };
		B5DB5F921FE6A9ED003E28FF /* ShoutcastAPI.swift */ = {isa = PBXFileReference; lastKnownFileType = sourcecode.swift; path = ShoutcastAPI.swift; sourceTree = "<group>"; };
		B5DB5F971FE6ADE4003E28FF /* AppDependencies.swift */ = {isa = PBXFileReference; lastKnownFileType = sourcecode.swift; path = AppDependencies.swift; sourceTree = "<group>"; };
		B5DB5F9C1FE6B28B003E28FF /* XMLObjectParser.swift */ = {isa = PBXFileReference; lastKnownFileType = sourcecode.swift; path = XMLObjectParser.swift; sourceTree = "<group>"; };
		B5DB5F9E1FE6B95A003E28FF /* StationsParser.swift */ = {isa = PBXFileReference; lastKnownFileType = sourcecode.swift; path = StationsParser.swift; sourceTree = "<group>"; };
		B5DB5FA51FE6C03C003E28FF /* runlinter.sh */ = {isa = PBXFileReference; lastKnownFileType = text.script.sh; path = runlinter.sh; sourceTree = "<group>"; };
		B5F9713B2019A5F20039F878 /* WeakRef.swift */ = {isa = PBXFileReference; lastKnownFileType = sourcecode.swift; path = WeakRef.swift; sourceTree = "<group>"; };
		B5F9713D2019A6020039F878 /* WeakRefCollection.swift */ = {isa = PBXFileReference; lastKnownFileType = sourcecode.swift; path = WeakRefCollection.swift; sourceTree = "<group>"; };
		B5F971532019C2EF0039F878 /* JahPress-Bridging-Header.h */ = {isa = PBXFileReference; lastKnownFileType = sourcecode.c.h; name = "JahPress-Bridging-Header.h"; path = "StreamPlayer/JahPress-Bridging-Header.h"; sourceTree = "<group>"; };
		B5F971542019C6840039F878 /* FloatingLabel.swift */ = {isa = PBXFileReference; lastKnownFileType = sourcecode.swift; path = FloatingLabel.swift; sourceTree = "<group>"; };
		B5F971562019D1BD0039F878 /* JahUserDefaults.swift */ = {isa = PBXFileReference; lastKnownFileType = sourcecode.swift; path = JahUserDefaults.swift; sourceTree = "<group>"; };
		B5FF42751FF0CDF200F8AEDC /* EffectCell.swift */ = {isa = PBXFileReference; lastKnownFileType = sourcecode.swift; path = EffectCell.swift; sourceTree = "<group>"; };
		B5FF42771FF0CE0F00F8AEDC /* StationCell.swift */ = {isa = PBXFileReference; lastKnownFileType = sourcecode.swift; path = StationCell.swift; sourceTree = "<group>"; };
		B5FF427D1FF0DBC700F8AEDC /* Effect.swift */ = {isa = PBXFileReference; lastKnownFileType = sourcecode.swift; path = Effect.swift; sourceTree = "<group>"; };
		B5FF427F1FF0FD9B00F8AEDC /* EffectHeader.swift */ = {isa = PBXFileReference; lastKnownFileType = sourcecode.swift; path = EffectHeader.swift; sourceTree = "<group>"; };
		B5FF42811FF1188100F8AEDC /* TabBarController.swift */ = {isa = PBXFileReference; lastKnownFileType = sourcecode.swift; path = TabBarController.swift; sourceTree = "<group>"; };
		B5FF42841FF1415000F8AEDC /* RadioPlayerViewController.swift */ = {isa = PBXFileReference; lastKnownFileType = sourcecode.swift; path = RadioPlayerViewController.swift; sourceTree = "<group>"; };
/* End PBXFileReference section */

/* Begin PBXFrameworksBuildPhase section */
		B5A48F481FDE7BB70052C6A1 /* Frameworks */ = {
			isa = PBXFrameworksBuildPhase;
			buildActionMask = 2147483647;
			files = (
				41DA0581242E4CDE00240840 /* Anchorage in Frameworks */,
				4114929324307A980027DBE5 /* GoogleMobileAds.framework in Frameworks */,
				4114929724307A9C0027DBE5 /* nanopb.framework in Frameworks */,
				4114929124307A970027DBE5 /* GoogleAppMeasurement.framework in Frameworks */,
				4114928E24307A950027DBE5 /* FreeStreamer.framework in Frameworks */,
				41DA058C242E4EF500240840 /* SwiftEventBus in Frameworks */,
				41DA0587242E4D4F00240840 /* ObjcExceptionBridging in Frameworks */,
				41DA057E242E4C6800240840 /* PromiseKit in Frameworks */,
				4114929524307A9A0027DBE5 /* GoogleUtilities.framework in Frameworks */,
				41DA0589242E4D4F00240840 /* XCGLogger in Frameworks */,
			);
			runOnlyForDeploymentPostprocessing = 0;
		};
/* End PBXFrameworksBuildPhase section */

/* Begin PBXGroup section */
		B509260D200234A4001E1EC5 /* AudioPlayer */ = {
			isa = PBXGroup;
			children = (
				B509260E200234B6001E1EC5 /* JahAudioPlayer.swift */,
			);
			path = AudioPlayer;
			sourceTree = "<group>";
		};
		B52E1D291FE82FBC009D1E4B /* StreamPlayer */ = {
			isa = PBXGroup;
			children = (
				B5D43D431FF61BCE003883FA /* RadioPlayer.swift */,
			);
			path = StreamPlayer;
			sourceTree = "<group>";
		};
		B5501AC0200A43B3005284A4 /* Other Files */ = {
			isa = PBXGroup;
			children = (
				B5213FCE2192ACC300779AAE /* privacy_policy.html */,
				B5501AC1200A43C8005284A4 /* unicorn.mp3 */,
			);
			path = "Other Files";
			sourceTree = "<group>";
		};
		B563BF121FF051B600CEAEB8 /* Tabs */ = {
			isa = PBXGroup;
			children = (
				B5FF42811FF1188100F8AEDC /* TabBarController.swift */,
				B5FF42721FF0CDC800F8AEDC /* Effects */,
				B5FF42731FF0CDCE00F8AEDC /* Stations */,
				B5FF42741FF0CDD400F8AEDC /* Settings */,
			);
			path = Tabs;
			sourceTree = "<group>";
		};
		B58BF8ED1FF4E9670013594E /* ErrorReporter */ = {
			isa = PBXGroup;
			children = (
				B58BF8EE1FF4E9750013594E /* UserReadableError.swift */,
				B58BF8F01FF4E9750013594E /* ErrorReporterProtocol.swift */,
				B58BF8EF1FF4E9750013594E /* ErrorReporter.swift */,
			);
			path = ErrorReporter;
			sourceTree = "<group>";
		};
		B58C0CE41FEE81F70031BC88 /* Logger */ = {
			isa = PBXGroup;
			children = (
				B58C0CE61FEE820F0031BC88 /* Logger.swift */,
				B58C0CE81FEE82100031BC88 /* ROLogger.swift */,
				B58C0CE71FEE82100031BC88 /* ROLogger+XCGLogger.swift */,
			);
			path = Logger;
			sourceTree = "<group>";
		};
		B58C0D0F1FEE85880031BC88 /* Extensions */ = {
			isa = PBXGroup;
			children = (
				B5247F6D1FF6906500B4F5E0 /* UIView+Extensions.swift */,
				B58BF8F41FF4E9F90013594E /* UIApplication+TopViewController.swift */,
				B5AAF71B1FEFE8A200C3504E /* UIColor+Additions.swift */,
				B58C0D2D1FEE88840031BC88 /* FormattingExtensions.swift */,
				B58C0D211FEE862D0031BC88 /* Dictionary+Extensions.swift */,
				B58C0D221FEE862D0031BC88 /* Dictionary+KeypathExtension.swift */,
				B58C0D101FEE85A40031BC88 /* String+Extensions.swift */,
				B579103A1FF66983007F4C7B /* UIImage+Extensions.swift */,
				4114929924307C200027DBE5 /* UIViewController+StatusBar.swift */,
			);
			path = Extensions;
			sourceTree = "<group>";
		};
		B58C0D251FEE86580031BC88 /* Config */ = {
			isa = PBXGroup;
			children = (
				B58C0D291FEE87090031BC88 /* BuildConfiguration.swift */,
				B58C0D281FEE86EC0031BC88 /* JahPress.xcconfig */,
				B58BF8E41FF3D3290013594E /* Dev.xcconfig */,
				B50794522008A9E8008CF3F0 /* QA.xcconfig */,
				B58BF8E31FF3D3290013594E /* Prod.xcconfig */,
			);
			path = Config;
			sourceTree = "<group>";
		};
		B593DFC02197F52300AF1807 /* Models */ = {
			isa = PBXGroup;
			children = (
				B593DFC12197F52E00AF1807 /* StationList.swift */,
			);
			path = Models;
			sourceTree = "<group>";
		};
		B593DFC32197F5E100AF1807 /* DataStore */ = {
			isa = PBXGroup;
			children = (
				B593DFC42197F5F600AF1807 /* DataStore.swift */,
			);
			path = DataStore;
			sourceTree = "<group>";
		};
		B5A48F421FDE7BB70052C6A1 = {
			isa = PBXGroup;
			children = (
				419295DB2379A87700F9BCF4 /* README.md */,
				B51374A72079220900D0EC25 /* .swiftlint.yml */,
				B5AAF7161FEFC89200C3504E /* TODOs.rtf */,
				B58C0D251FEE86580031BC88 /* Config */,
				B5DB5FA41FE6C03C003E28FF /* Scripts */,
				B5A48F4D1FDE7BB70052C6A1 /* JahPress */,
				B5A48F4C1FDE7BB70052C6A1 /* Products */,
				4114927E24307A310027DBE5 /* FreeStreamer.framework */,
				4114927F24307A310027DBE5 /* GoogleAppMeasurement.framework */,
				4114928024307A310027DBE5 /* GoogleMobileAds.framework */,
				4114928124307A310027DBE5 /* GoogleUtilities.framework */,
				4114928224307A310027DBE5 /* nanopb.framework */,
			);
			sourceTree = "<group>";
		};
		B5A48F4C1FDE7BB70052C6A1 /* Products */ = {
			isa = PBXGroup;
			children = (
				B5A48F4B1FDE7BB70052C6A1 /* JahPress.app */,
			);
			name = Products;
			sourceTree = "<group>";
		};
		B5A48F4D1FDE7BB70052C6A1 /* JahPress */ = {
			isa = PBXGroup;
			children = (
				B593DFC02197F52300AF1807 /* Models */,
				B5CCA86E218DB5F3005F2211 /* Modules */,
				B5F9713A2019A5D30039F878 /* Utils */,
				B52E494C2015DEA200E30625 /* JahPress.entitlements */,
				B509260D200234A4001E1EC5 /* AudioPlayer */,
				B5D43D451FF61E6C003883FA /* Constants */,
				B58C0CE41FEE81F70031BC88 /* Logger */,
				B58BF8ED1FF4E9670013594E /* ErrorReporter */,
				B58C0D0F1FEE85880031BC88 /* Extensions */,
				B52E1D291FE82FBC009D1E4B /* StreamPlayer */,
				B5DB5F991FE6AF32003E28FF /* Shoutcast */,
				B5DB5F961FE6ADDA003E28FF /* DI */,
				B5AAF71D1FEFE95900C3504E /* UI */,
				B5A48F501FDE7BB70052C6A1 /* RootViewController.swift */,
				B5A48F4E1FDE7BB70052C6A1 /* AppDelegate.swift */,
				B5A48F521FDE7BB70052C6A1 /* Main.storyboard */,
				B5AAF7191FEFE7E100C3504E /* Colors.xcassets */,
				B5A48F551FDE7BB70052C6A1 /* Assets.xcassets */,
				B5A48F571FDE7BB70052C6A1 /* LaunchScreen.storyboard */,
				B5A48F5A1FDE7BB70052C6A1 /* Info.plist */,
				B589F3CA2019FD8B00FF799B /* GoogleService-Info.plist */,
				B5F971532019C2EF0039F878 /* JahPress-Bridging-Header.h */,
				B5D43D481FF620BF003883FA /* Effects.bundle */,
				B5501AC0200A43B3005284A4 /* Other Files */,
			);
			path = JahPress;
			sourceTree = "<group>";
		};
		B5AAF71D1FEFE95900C3504E /* UI */ = {
			isa = PBXGroup;
			children = (
				B5F9714E2019C05B0039F878 /* Common */,
				B5FF42831FF1413B00F8AEDC /* Radio Player */,
				B563BF121FF051B600CEAEB8 /* Tabs */,
				B5AAF7171FEFE21200C3504E /* GradientView.swift */,
				B54E6FEB2021DE55000762B1 /* DisclaimerPopup.swift */,
				B59FD8D6218F34120085EFBD /* PrivacyPolicyViewController.swift */,
			);
			path = UI;
			sourceTree = "<group>";
		};
		B5CCA86E218DB5F3005F2211 /* Modules */ = {
			isa = PBXGroup;
			children = (
				B593DFC32197F5E100AF1807 /* DataStore */,
				B5CCA871218DB62D005F2211 /* Networking */,
			);
			path = Modules;
			sourceTree = "<group>";
		};
		B5CCA871218DB62D005F2211 /* Networking */ = {
			isa = PBXGroup;
			children = (
				B5CCA874218DB719005F2211 /* NetworkService.swift */,
			);
			path = Networking;
			sourceTree = "<group>";
		};
		B5D43D451FF61E6C003883FA /* Constants */ = {
			isa = PBXGroup;
			children = (
				B5D43D461FF61E77003883FA /* EventIdentifiers.swift */,
			);
			path = Constants;
			sourceTree = "<group>";
		};
		B5DB5F961FE6ADDA003E28FF /* DI */ = {
			isa = PBXGroup;
			children = (
				B5DB5F971FE6ADE4003E28FF /* AppDependencies.swift */,
			);
			path = DI;
			sourceTree = "<group>";
		};
		B5DB5F991FE6AF32003E28FF /* Shoutcast */ = {
			isa = PBXGroup;
			children = (
				B5DB5F921FE6A9ED003E28FF /* ShoutcastAPI.swift */,
				B5DB5F9C1FE6B28B003E28FF /* XMLObjectParser.swift */,
				B5DB5F9E1FE6B95A003E28FF /* StationsParser.swift */,
			);
			path = Shoutcast;
			sourceTree = "<group>";
		};
		B5DB5FA41FE6C03C003E28FF /* Scripts */ = {
			isa = PBXGroup;
			children = (
				B5DB5FA51FE6C03C003E28FF /* runlinter.sh */,
			);
			path = Scripts;
			sourceTree = "<group>";
		};
		B5F9713A2019A5D30039F878 /* Utils */ = {
			isa = PBXGroup;
			children = (
				B5F9713B2019A5F20039F878 /* WeakRef.swift */,
				B5F9713D2019A6020039F878 /* WeakRefCollection.swift */,
				B5F971562019D1BD0039F878 /* JahUserDefaults.swift */,
			);
			path = Utils;
			sourceTree = "<group>";
		};
		B5F9714E2019C05B0039F878 /* Common */ = {
			isa = PBXGroup;
			children = (
				B5F971542019C6840039F878 /* FloatingLabel.swift */,
			);
			path = Common;
			sourceTree = "<group>";
		};
		B5FF42721FF0CDC800F8AEDC /* Effects */ = {
			isa = PBXGroup;
			children = (
				B563BF131FF051D600CEAEB8 /* EffectViewController.swift */,
				B5FF42751FF0CDF200F8AEDC /* EffectCell.swift */,
				B5FF427F1FF0FD9B00F8AEDC /* EffectHeader.swift */,
				B5FF427D1FF0DBC700F8AEDC /* Effect.swift */,
				B58BF8F61FF4FC840013594E /* EffectView.swift */,
				B58BF8F81FF4FDD60013594E /* EffectView.xib */,
			);
			path = Effects;
			sourceTree = "<group>";
		};
		B5FF42731FF0CDCE00F8AEDC /* Stations */ = {
			isa = PBXGroup;
			children = (
				B563BF151FF051F600CEAEB8 /* StationsViewController.swift */,
				B5FF42771FF0CE0F00F8AEDC /* StationCell.swift */,
			);
			path = Stations;
			sourceTree = "<group>";
		};
		B5FF42741FF0CDD400F8AEDC /* Settings */ = {
			isa = PBXGroup;
			children = (
				B563BF171FF0520100CEAEB8 /* SettingsViewController.swift */,
			);
			path = Settings;
			sourceTree = "<group>";
		};
		B5FF42831FF1413B00F8AEDC /* Radio Player */ = {
			isa = PBXGroup;
			children = (
				B5FF42841FF1415000F8AEDC /* RadioPlayerViewController.swift */,
			);
			path = "Radio Player";
			sourceTree = "<group>";
		};
/* End PBXGroup section */

/* Begin PBXNativeTarget section */
		B5A48F4A1FDE7BB70052C6A1 /* JahPress */ = {
			isa = PBXNativeTarget;
			buildConfigurationList = B5A48F731FDE7BB70052C6A1 /* Build configuration list for PBXNativeTarget "JahPress" */;
			buildPhases = (
				B5B3A67C1FE1266E008A1236 /* Run Swiftlint */,
				B5A48F471FDE7BB70052C6A1 /* Sources */,
				B5A48F481FDE7BB70052C6A1 /* Frameworks */,
				B5A48F491FDE7BB70052C6A1 /* Resources */,
				B5E1C4F620221C5C003F71C5 /* Remove Unsupported Architectures from Archives */,
				4114929024307A950027DBE5 /* Embed Frameworks */,
			);
			buildRules = (
			);
			dependencies = (
			);
			name = JahPress;
			packageProductDependencies = (
				41DA057D242E4C6800240840 /* PromiseKit */,
				41DA0580242E4CDE00240840 /* Anchorage */,
				41DA0586242E4D4F00240840 /* ObjcExceptionBridging */,
				41DA0588242E4D4F00240840 /* XCGLogger */,
				41DA058B242E4EF500240840 /* SwiftEventBus */,
			);
			productName = JahPress;
			productReference = B5A48F4B1FDE7BB70052C6A1 /* JahPress.app */;
			productType = "com.apple.product-type.application";
		};
/* End PBXNativeTarget section */

/* Begin PBXProject section */
		B5A48F431FDE7BB70052C6A1 /* Project object */ = {
			isa = PBXProject;
			attributes = {
				LastSwiftUpdateCheck = 0920;
				LastUpgradeCheck = 1010;
				ORGANIZATIONNAME = "Benjamin Ludwig";
				TargetAttributes = {
					B5A48F4A1FDE7BB70052C6A1 = {
						CreatedOnToolsVersion = 9.2;
						LastSwiftMigration = 1010;
						ProvisioningStyle = Automatic;
						SystemCapabilities = {
							com.apple.BackgroundModes = {
								enabled = 1;
							};
							com.apple.Push = {
								enabled = 0;
							};
							com.apple.iCloud = {
								enabled = 0;
							};
						};
					};
				};
			};
			buildConfigurationList = B5A48F461FDE7BB70052C6A1 /* Build configuration list for PBXProject "JahPress" */;
			compatibilityVersion = "Xcode 8.0";
			developmentRegion = en;
			hasScannedForEncodings = 0;
			knownRegions = (
				en,
				Base,
			);
			mainGroup = B5A48F421FDE7BB70052C6A1;
			packageReferences = (
				41DA057C242E4C6800240840 /* XCRemoteSwiftPackageReference "PromiseKit" */,
				41DA057F242E4CDE00240840 /* XCRemoteSwiftPackageReference "Anchorage" */,
				41DA0585242E4D4F00240840 /* XCRemoteSwiftPackageReference "XCGLogger" */,
				41DA058A242E4EF500240840 /* XCRemoteSwiftPackageReference "SwiftEventBus" */,
			);
			productRefGroup = B5A48F4C1FDE7BB70052C6A1 /* Products */;
			projectDirPath = "";
			projectRoot = "";
			targets = (
				B5A48F4A1FDE7BB70052C6A1 /* JahPress */,
			);
		};
/* End PBXProject section */

/* Begin PBXResourcesBuildPhase section */
		B5A48F491FDE7BB70052C6A1 /* Resources */ = {
			isa = PBXResourcesBuildPhase;
			buildActionMask = 2147483647;
			files = (
				B51374A82079220B00D0EC25 /* .swiftlint.yml in Resources */,
				B5213FCF2192ACC400779AAE /* privacy_policy.html in Resources */,
				B5A48F591FDE7BB70052C6A1 /* LaunchScreen.storyboard in Resources */,
				B5AAF71A1FEFE7E100C3504E /* Colors.xcassets in Resources */,
				B5A48F561FDE7BB70052C6A1 /* Assets.xcassets in Resources */,
				B58BF8F91FF4FDD60013594E /* EffectView.xib in Resources */,
				B5D43D491FF620BF003883FA /* Effects.bundle in Resources */,
				B5A48F541FDE7BB70052C6A1 /* Main.storyboard in Resources */,
				B5501AC2200A43C8005284A4 /* unicorn.mp3 in Resources */,
			);
			runOnlyForDeploymentPostprocessing = 0;
		};
/* End PBXResourcesBuildPhase section */

/* Begin PBXShellScriptBuildPhase section */
		B5B3A67C1FE1266E008A1236 /* Run Swiftlint */ = {
			isa = PBXShellScriptBuildPhase;
			buildActionMask = 2147483647;
			files = (
			);
			inputPaths = (
			);
			name = "Run Swiftlint";
			outputPaths = (
			);
			runOnlyForDeploymentPostprocessing = 0;
			shellPath = /bin/sh;
			shellScript = "swiftlintBinary=/usr/local/bin/swiftlint\nif [ ! -e \"$swiftlintBinary\" ]\nthen\nswiftlintBinary=$(which swiftlint)\nif [ ! -e \"$swiftlintBinary\" ]\nthen\necho \"warning: SwiftLint not installed, download from https://github.com/realm/SwiftLint\"\nfi\nfi\n${swiftlintBinary} autocorrect\n";
		};
		B5E1C4F620221C5C003F71C5 /* Remove Unsupported Architectures from Archives */ = {
			isa = PBXShellScriptBuildPhase;
			buildActionMask = 2147483647;
			files = (
			);
			inputPaths = (
			);
			name = "Remove Unsupported Architectures from Archives";
			outputPaths = (
			);
			runOnlyForDeploymentPostprocessing = 0;
			shellPath = /bin/sh;
			shellScript = "echo \"Target architectures: $ARCHS\"\n\nAPP_PATH=\"${TARGET_BUILD_DIR}/${WRAPPER_NAME}\"\n\nfind \"$APP_PATH\" -name '*.framework' -type d | while read -r FRAMEWORK\ndo\nFRAMEWORK_EXECUTABLE_NAME=$(defaults read \"$FRAMEWORK/Info.plist\" CFBundleExecutable)\nFRAMEWORK_EXECUTABLE_PATH=\"$FRAMEWORK/$FRAMEWORK_EXECUTABLE_NAME\"\necho \"Executable is $FRAMEWORK_EXECUTABLE_PATH\"\necho $(lipo -info \"$FRAMEWORK_EXECUTABLE_PATH\")\n\nFRAMEWORK_TMP_PATH=\"$FRAMEWORK_EXECUTABLE_PATH-tmp\"\n\n# remove simulator's archs if location is not simulator's directory\ncase \"${TARGET_BUILD_DIR}\" in\n*\"iphonesimulator\")\necho \"No need to remove archs\"\n;;\n*)\nif $(lipo \"$FRAMEWORK_EXECUTABLE_PATH\" -verify_arch \"i386\") ; then\nlipo -output \"$FRAMEWORK_TMP_PATH\" -remove \"i386\" \"$FRAMEWORK_EXECUTABLE_PATH\"\necho \"i386 architecture removed\"\nrm \"$FRAMEWORK_EXECUTABLE_PATH\"\nmv \"$FRAMEWORK_TMP_PATH\" \"$FRAMEWORK_EXECUTABLE_PATH\"\nfi\nif $(lipo \"$FRAMEWORK_EXECUTABLE_PATH\" -verify_arch \"x86_64\") ; then\nlipo -output \"$FRAMEWORK_TMP_PATH\" -remove \"x86_64\" \"$FRAMEWORK_EXECUTABLE_PATH\"\necho \"x86_64 architecture removed\"\nrm \"$FRAMEWORK_EXECUTABLE_PATH\"\nmv \"$FRAMEWORK_TMP_PATH\" \"$FRAMEWORK_EXECUTABLE_PATH\"\nfi\n;;\nesac\n\necho \"Completed for executable $FRAMEWORK_EXECUTABLE_PATH\"\necho $(lipo -info \"$FRAMEWORK_EXECUTABLE_PATH\")\n\ndone\n";
		};
/* End PBXShellScriptBuildPhase section */

/* Begin PBXSourcesBuildPhase section */
		B5A48F471FDE7BB70052C6A1 /* Sources */ = {
			isa = PBXSourcesBuildPhase;
			buildActionMask = 2147483647;
			files = (
				B5CCA875218DB80F005F2211 /* NetworkService.swift in Sources */,
				B5DB5F9D1FE6B28B003E28FF /* XMLObjectParser.swift in Sources */,
				B5AAF7181FEFE21200C3504E /* GradientView.swift in Sources */,
				B5F9713E2019A6020039F878 /* WeakRefCollection.swift in Sources */,
				B5DB5F9F1FE6B95A003E28FF /* StationsParser.swift in Sources */,
				B58BF8F11FF4E9750013594E /* UserReadableError.swift in Sources */,
				B58BF8F71FF4FC840013594E /* EffectView.swift in Sources */,
				B5247F6E1FF6906500B4F5E0 /* UIView+Extensions.swift in Sources */,
				B5DB5F981FE6ADE4003E28FF /* AppDependencies.swift in Sources */,
				B5FF42851FF1415000F8AEDC /* RadioPlayerViewController.swift in Sources */,
				B563BF161FF051F600CEAEB8 /* StationsViewController.swift in Sources */,
				B5FF42761FF0CDF200F8AEDC /* EffectCell.swift in Sources */,
				B58BF8F21FF4E9750013594E /* ErrorReporter.swift in Sources */,
				B5F9713C2019A5F20039F878 /* WeakRef.swift in Sources */,
				B509260F200234B6001E1EC5 /* JahAudioPlayer.swift in Sources */,
				B58C0CE91FEE82100031BC88 /* Logger.swift in Sources */,
				B5D43D441FF61BCE003883FA /* RadioPlayer.swift in Sources */,
				B58BF8F51FF4E9F90013594E /* UIApplication+TopViewController.swift in Sources */,
				B5D43D471FF61E77003883FA /* EventIdentifiers.swift in Sources */,
				B58C0D2A1FEE87090031BC88 /* BuildConfiguration.swift in Sources */,
				B58C0CEA1FEE82100031BC88 /* ROLogger+XCGLogger.swift in Sources */,
				B593DFC22197F52E00AF1807 /* StationList.swift in Sources */,
				B563BF141FF051D600CEAEB8 /* EffectViewController.swift in Sources */,
				B5A48F511FDE7BB70052C6A1 /* RootViewController.swift in Sources */,
				B5FF42801FF0FD9B00F8AEDC /* EffectHeader.swift in Sources */,
				B58C0D111FEE85A40031BC88 /* String+Extensions.swift in Sources */,
				B5A48F4F1FDE7BB70052C6A1 /* AppDelegate.swift in Sources */,
				B5F971552019C6840039F878 /* FloatingLabel.swift in Sources */,
				B5AAF71C1FEFE8A300C3504E /* UIColor+Additions.swift in Sources */,
				B58C0D241FEE862D0031BC88 /* Dictionary+KeypathExtension.swift in Sources */,
				B5FF42821FF1188100F8AEDC /* TabBarController.swift in Sources */,
				4114929A24307C200027DBE5 /* UIViewController+StatusBar.swift in Sources */,
				B5FF42781FF0CE0F00F8AEDC /* StationCell.swift in Sources */,
				B59FD8D7218F34120085EFBD /* PrivacyPolicyViewController.swift in Sources */,
				B58C0D2E1FEE88840031BC88 /* FormattingExtensions.swift in Sources */,
				B579103B1FF66983007F4C7B /* UIImage+Extensions.swift in Sources */,
				B563BF181FF0520100CEAEB8 /* SettingsViewController.swift in Sources */,
				B5DB5F931FE6A9ED003E28FF /* ShoutcastAPI.swift in Sources */,
				B593DFC52197F5F600AF1807 /* DataStore.swift in Sources */,
				B5FF427E1FF0DBC700F8AEDC /* Effect.swift in Sources */,
				B5F971572019D1BD0039F878 /* JahUserDefaults.swift in Sources */,
				B58BF8F31FF4E9750013594E /* ErrorReporterProtocol.swift in Sources */,
				B58C0D231FEE862D0031BC88 /* Dictionary+Extensions.swift in Sources */,
				B58C0CEB1FEE82100031BC88 /* ROLogger.swift in Sources */,
				B54E6FEC2021DE55000762B1 /* DisclaimerPopup.swift in Sources */,
			);
			runOnlyForDeploymentPostprocessing = 0;
		};
/* End PBXSourcesBuildPhase section */

/* Begin PBXVariantGroup section */
		B5A48F521FDE7BB70052C6A1 /* Main.storyboard */ = {
			isa = PBXVariantGroup;
			children = (
				B5A48F531FDE7BB70052C6A1 /* Base */,
			);
			name = Main.storyboard;
			sourceTree = "<group>";
		};
		B5A48F571FDE7BB70052C6A1 /* LaunchScreen.storyboard */ = {
			isa = PBXVariantGroup;
			children = (
				B5A48F581FDE7BB70052C6A1 /* Base */,
			);
			name = LaunchScreen.storyboard;
			sourceTree = "<group>";
		};
/* End PBXVariantGroup section */

/* Begin XCBuildConfiguration section */
		B50794542008AA68008CF3F0 /* Release QA */ = {
			isa = XCBuildConfiguration;
			baseConfigurationReference = B58C0D281FEE86EC0031BC88 /* JahPress.xcconfig */;
			buildSettings = {
				ALWAYS_SEARCH_USER_PATHS = NO;
				CLANG_ANALYZER_NONNULL = YES;
				CLANG_ANALYZER_NUMBER_OBJECT_CONVERSION = YES_AGGRESSIVE;
				CLANG_CXX_LANGUAGE_STANDARD = "gnu++14";
				CLANG_CXX_LIBRARY = "libc++";
				CLANG_ENABLE_MODULES = YES;
				CLANG_ENABLE_OBJC_ARC = YES;
				CLANG_WARN_BLOCK_CAPTURE_AUTORELEASING = YES;
				CLANG_WARN_BOOL_CONVERSION = YES;
				CLANG_WARN_COMMA = YES;
				CLANG_WARN_CONSTANT_CONVERSION = YES;
				CLANG_WARN_DEPRECATED_OBJC_IMPLEMENTATIONS = YES;
				CLANG_WARN_DIRECT_OBJC_ISA_USAGE = YES_ERROR;
				CLANG_WARN_DOCUMENTATION_COMMENTS = YES;
				CLANG_WARN_EMPTY_BODY = YES;
				CLANG_WARN_ENUM_CONVERSION = YES;
				CLANG_WARN_INFINITE_RECURSION = YES;
				CLANG_WARN_INT_CONVERSION = YES;
				CLANG_WARN_NON_LITERAL_NULL_CONVERSION = YES;
				CLANG_WARN_OBJC_IMPLICIT_RETAIN_SELF = YES;
				CLANG_WARN_OBJC_LITERAL_CONVERSION = YES;
				CLANG_WARN_OBJC_ROOT_CLASS = YES_ERROR;
				CLANG_WARN_RANGE_LOOP_ANALYSIS = YES;
				CLANG_WARN_STRICT_PROTOTYPES = YES;
				CLANG_WARN_SUSPICIOUS_MOVE = YES;
				CLANG_WARN_UNGUARDED_AVAILABILITY = YES_AGGRESSIVE;
				CLANG_WARN_UNREACHABLE_CODE = YES;
				CLANG_WARN__DUPLICATE_METHOD_MATCH = YES;
				CODE_SIGN_IDENTITY = "iPhone Developer";
				COPY_PHASE_STRIP = NO;
				DEBUG_INFORMATION_FORMAT = "dwarf-with-dsym";
				ENABLE_BITCODE = NO;
				ENABLE_NS_ASSERTIONS = NO;
				ENABLE_STRICT_OBJC_MSGSEND = YES;
				GCC_C_LANGUAGE_STANDARD = gnu11;
				GCC_NO_COMMON_BLOCKS = YES;
				GCC_WARN_64_TO_32_BIT_CONVERSION = YES;
				GCC_WARN_ABOUT_RETURN_TYPE = YES_ERROR;
				GCC_WARN_UNDECLARED_SELECTOR = YES;
				GCC_WARN_UNINITIALIZED_AUTOS = YES_AGGRESSIVE;
				GCC_WARN_UNUSED_FUNCTION = YES;
				GCC_WARN_UNUSED_VARIABLE = YES;
				IPHONEOS_DEPLOYMENT_TARGET = 12.4;
				MTL_ENABLE_DEBUG_INFO = NO;
				OTHER_LDFLAGS = "-ObjC";
				SDKROOT = iphoneos;
				SWIFT_COMPILATION_MODE = wholemodule;
				SWIFT_OPTIMIZATION_LEVEL = "-O";
				VALIDATE_PRODUCT = YES;
			};
			name = "Release QA";
		};
		B50794552008AA68008CF3F0 /* Release QA */ = {
			isa = XCBuildConfiguration;
			baseConfigurationReference = B50794522008A9E8008CF3F0 /* QA.xcconfig */;
			buildSettings = {
				ASSETCATALOG_COMPILER_APPICON_NAME = AppIcon;
				CLANG_ENABLE_MODULES = YES;
				CODE_SIGN_IDENTITY = "iPhone Developer";
				"CODE_SIGN_IDENTITY[sdk=iphoneos*]" = "iPhone Developer";
				CODE_SIGN_STYLE = Automatic;
				DEVELOPMENT_TEAM = 52835LBYCZ;
				FRAMEWORK_SEARCH_PATHS = (
					"$(inherited)",
					"$(PROJECT_DIR)/Carthage/Build/iOS",
					"$(PROJECT_DIR)/Frameworks",
				);
				INFOPLIST_FILE = JahPress/Info.plist;
				IPHONEOS_DEPLOYMENT_TARGET = 11.4;
				LD_RUNPATH_SEARCH_PATHS = (
					"$(inherited)",
					"@executable_path/Frameworks",
				);
				MARKETING_VERSION = 2.0.0;
				PRODUCT_BUNDLE_IDENTIFIER = "de.nerdoc-codinger.jahpress";
				PRODUCT_NAME = "$(TARGET_NAME)";
				PROVISIONING_PROFILE = "";
				PROVISIONING_PROFILE_SPECIFIER = "";
				SWIFT_OBJC_BRIDGING_HEADER = "JahPress/StreamPlayer/JahPress-Bridging-Header.h";
				SWIFT_VERSION = 4.2;
				TARGETED_DEVICE_FAMILY = 1;
			};
			name = "Release QA";
		};
		B50794582008AA74008CF3F0 /* Debug QA */ = {
			isa = XCBuildConfiguration;
			baseConfigurationReference = B58C0D281FEE86EC0031BC88 /* JahPress.xcconfig */;
			buildSettings = {
				ALWAYS_SEARCH_USER_PATHS = NO;
				CLANG_ANALYZER_NONNULL = YES;
				CLANG_ANALYZER_NUMBER_OBJECT_CONVERSION = YES_AGGRESSIVE;
				CLANG_CXX_LANGUAGE_STANDARD = "gnu++14";
				CLANG_CXX_LIBRARY = "libc++";
				CLANG_ENABLE_MODULES = YES;
				CLANG_ENABLE_OBJC_ARC = YES;
				CLANG_WARN_BLOCK_CAPTURE_AUTORELEASING = YES;
				CLANG_WARN_BOOL_CONVERSION = YES;
				CLANG_WARN_COMMA = YES;
				CLANG_WARN_CONSTANT_CONVERSION = YES;
				CLANG_WARN_DEPRECATED_OBJC_IMPLEMENTATIONS = YES;
				CLANG_WARN_DIRECT_OBJC_ISA_USAGE = YES_ERROR;
				CLANG_WARN_DOCUMENTATION_COMMENTS = YES;
				CLANG_WARN_EMPTY_BODY = YES;
				CLANG_WARN_ENUM_CONVERSION = YES;
				CLANG_WARN_INFINITE_RECURSION = YES;
				CLANG_WARN_INT_CONVERSION = YES;
				CLANG_WARN_NON_LITERAL_NULL_CONVERSION = YES;
				CLANG_WARN_OBJC_IMPLICIT_RETAIN_SELF = YES;
				CLANG_WARN_OBJC_LITERAL_CONVERSION = YES;
				CLANG_WARN_OBJC_ROOT_CLASS = YES_ERROR;
				CLANG_WARN_RANGE_LOOP_ANALYSIS = YES;
				CLANG_WARN_STRICT_PROTOTYPES = YES;
				CLANG_WARN_SUSPICIOUS_MOVE = YES;
				CLANG_WARN_UNGUARDED_AVAILABILITY = YES_AGGRESSIVE;
				CLANG_WARN_UNREACHABLE_CODE = YES;
				CLANG_WARN__DUPLICATE_METHOD_MATCH = YES;
				CODE_SIGN_IDENTITY = "iPhone Developer";
				COPY_PHASE_STRIP = NO;
				DEBUG_INFORMATION_FORMAT = dwarf;
				ENABLE_BITCODE = NO;
				ENABLE_STRICT_OBJC_MSGSEND = YES;
				ENABLE_TESTABILITY = YES;
				GCC_C_LANGUAGE_STANDARD = gnu11;
				GCC_DYNAMIC_NO_PIC = NO;
				GCC_NO_COMMON_BLOCKS = YES;
				GCC_OPTIMIZATION_LEVEL = 0;
				GCC_PREPROCESSOR_DEFINITIONS = (
					"DEBUG=1",
					"$(inherited)",
				);
				GCC_WARN_64_TO_32_BIT_CONVERSION = YES;
				GCC_WARN_ABOUT_RETURN_TYPE = YES_ERROR;
				GCC_WARN_UNDECLARED_SELECTOR = YES;
				GCC_WARN_UNINITIALIZED_AUTOS = YES_AGGRESSIVE;
				GCC_WARN_UNUSED_FUNCTION = YES;
				GCC_WARN_UNUSED_VARIABLE = YES;
				IPHONEOS_DEPLOYMENT_TARGET = 12.4;
				MTL_ENABLE_DEBUG_INFO = YES;
				ONLY_ACTIVE_ARCH = YES;
				OTHER_LDFLAGS = "-ObjC";
				SDKROOT = iphoneos;
				SWIFT_ACTIVE_COMPILATION_CONDITIONS = DEBUG;
				SWIFT_OPTIMIZATION_LEVEL = "-Onone";
			};
			name = "Debug QA";
		};
		B50794592008AA74008CF3F0 /* Debug QA */ = {
			isa = XCBuildConfiguration;
			baseConfigurationReference = B50794522008A9E8008CF3F0 /* QA.xcconfig */;
			buildSettings = {
				ASSETCATALOG_COMPILER_APPICON_NAME = AppIcon;
				CLANG_ENABLE_MODULES = YES;
				CODE_SIGN_IDENTITY = "iPhone Developer";
				"CODE_SIGN_IDENTITY[sdk=iphoneos*]" = "iPhone Developer";
				CODE_SIGN_STYLE = Automatic;
				DEVELOPMENT_TEAM = 52835LBYCZ;
				FRAMEWORK_SEARCH_PATHS = (
					"$(inherited)",
					"$(PROJECT_DIR)/Carthage/Build/iOS",
					"$(PROJECT_DIR)/Frameworks",
				);
				INFOPLIST_FILE = JahPress/Info.plist;
				IPHONEOS_DEPLOYMENT_TARGET = 11.4;
				LD_RUNPATH_SEARCH_PATHS = (
					"$(inherited)",
					"@executable_path/Frameworks",
				);
				MARKETING_VERSION = 2.0.0;
				PRODUCT_BUNDLE_IDENTIFIER = "de.nerdoc-codinger.jahpress";
				PRODUCT_NAME = "$(TARGET_NAME)";
				PROVISIONING_PROFILE = "";
				PROVISIONING_PROFILE_SPECIFIER = "";
				SWIFT_OBJC_BRIDGING_HEADER = "JahPress/StreamPlayer/JahPress-Bridging-Header.h";
				SWIFT_OPTIMIZATION_LEVEL = "-Onone";
				SWIFT_VERSION = 4.2;
				TARGETED_DEVICE_FAMILY = 1;
			};
			name = "Debug QA";
		};
		B58BF8E51FF3D34F0013594E /* Debug Dev */ = {
			isa = XCBuildConfiguration;
			baseConfigurationReference = B58C0D281FEE86EC0031BC88 /* JahPress.xcconfig */;
			buildSettings = {
				ALWAYS_SEARCH_USER_PATHS = NO;
				CLANG_ANALYZER_NONNULL = YES;
				CLANG_ANALYZER_NUMBER_OBJECT_CONVERSION = YES_AGGRESSIVE;
				CLANG_CXX_LANGUAGE_STANDARD = "gnu++14";
				CLANG_CXX_LIBRARY = "libc++";
				CLANG_ENABLE_MODULES = YES;
				CLANG_ENABLE_OBJC_ARC = YES;
				CLANG_WARN_BLOCK_CAPTURE_AUTORELEASING = YES;
				CLANG_WARN_BOOL_CONVERSION = YES;
				CLANG_WARN_COMMA = YES;
				CLANG_WARN_CONSTANT_CONVERSION = YES;
				CLANG_WARN_DEPRECATED_OBJC_IMPLEMENTATIONS = YES;
				CLANG_WARN_DIRECT_OBJC_ISA_USAGE = YES_ERROR;
				CLANG_WARN_DOCUMENTATION_COMMENTS = YES;
				CLANG_WARN_EMPTY_BODY = YES;
				CLANG_WARN_ENUM_CONVERSION = YES;
				CLANG_WARN_INFINITE_RECURSION = YES;
				CLANG_WARN_INT_CONVERSION = YES;
				CLANG_WARN_NON_LITERAL_NULL_CONVERSION = YES;
				CLANG_WARN_OBJC_IMPLICIT_RETAIN_SELF = YES;
				CLANG_WARN_OBJC_LITERAL_CONVERSION = YES;
				CLANG_WARN_OBJC_ROOT_CLASS = YES_ERROR;
				CLANG_WARN_RANGE_LOOP_ANALYSIS = YES;
				CLANG_WARN_STRICT_PROTOTYPES = YES;
				CLANG_WARN_SUSPICIOUS_MOVE = YES;
				CLANG_WARN_UNGUARDED_AVAILABILITY = YES_AGGRESSIVE;
				CLANG_WARN_UNREACHABLE_CODE = YES;
				CLANG_WARN__DUPLICATE_METHOD_MATCH = YES;
				CODE_SIGN_IDENTITY = "iPhone Developer";
				COPY_PHASE_STRIP = NO;
				DEBUG_INFORMATION_FORMAT = dwarf;
				ENABLE_BITCODE = NO;
				ENABLE_STRICT_OBJC_MSGSEND = YES;
				ENABLE_TESTABILITY = YES;
				GCC_C_LANGUAGE_STANDARD = gnu11;
				GCC_DYNAMIC_NO_PIC = NO;
				GCC_NO_COMMON_BLOCKS = YES;
				GCC_OPTIMIZATION_LEVEL = 0;
				GCC_PREPROCESSOR_DEFINITIONS = (
					"DEBUG=1",
					"$(inherited)",
				);
				GCC_WARN_64_TO_32_BIT_CONVERSION = YES;
				GCC_WARN_ABOUT_RETURN_TYPE = YES_ERROR;
				GCC_WARN_UNDECLARED_SELECTOR = YES;
				GCC_WARN_UNINITIALIZED_AUTOS = YES_AGGRESSIVE;
				GCC_WARN_UNUSED_FUNCTION = YES;
				GCC_WARN_UNUSED_VARIABLE = YES;
				IPHONEOS_DEPLOYMENT_TARGET = 12.4;
				MTL_ENABLE_DEBUG_INFO = YES;
				ONLY_ACTIVE_ARCH = YES;
				OTHER_LDFLAGS = "-ObjC";
				SDKROOT = iphoneos;
				SWIFT_ACTIVE_COMPILATION_CONDITIONS = DEBUG;
				SWIFT_OPTIMIZATION_LEVEL = "-Onone";
			};
			name = "Debug Dev";
		};
		B58BF8E61FF3D34F0013594E /* Debug Dev */ = {
			isa = XCBuildConfiguration;
			baseConfigurationReference = B58BF8E41FF3D3290013594E /* Dev.xcconfig */;
			buildSettings = {
				ASSETCATALOG_COMPILER_APPICON_NAME = AppIcon;
				CLANG_ENABLE_MODULES = YES;
				CODE_SIGN_IDENTITY = "iPhone Developer";
				"CODE_SIGN_IDENTITY[sdk=iphoneos*]" = "iPhone Developer";
				CODE_SIGN_STYLE = Automatic;
				DEVELOPMENT_TEAM = 52835LBYCZ;
				FRAMEWORK_SEARCH_PATHS = (
					"$(inherited)",
					"$(PROJECT_DIR)/Carthage/Build/iOS",
					"$(PROJECT_DIR)/Frameworks",
				);
				INFOPLIST_FILE = JahPress/Info.plist;
				IPHONEOS_DEPLOYMENT_TARGET = 11.4;
				LD_RUNPATH_SEARCH_PATHS = (
					"$(inherited)",
					"@executable_path/Frameworks",
				);
				MARKETING_VERSION = 2.0.0;
				PRODUCT_BUNDLE_IDENTIFIER = "de.nerdoc-codinger.jahpress";
				PRODUCT_NAME = "$(TARGET_NAME)";
				PROVISIONING_PROFILE = "";
				PROVISIONING_PROFILE_SPECIFIER = "";
				SWIFT_OBJC_BRIDGING_HEADER = "JahPress/StreamPlayer/JahPress-Bridging-Header.h";
				SWIFT_OPTIMIZATION_LEVEL = "-Onone";
				SWIFT_VERSION = 4.2;
				TARGETED_DEVICE_FAMILY = 1;
			};
			name = "Debug Dev";
		};
		B58BF8E91FF3D3590013594E /* Release Dev */ = {
			isa = XCBuildConfiguration;
			baseConfigurationReference = B58C0D281FEE86EC0031BC88 /* JahPress.xcconfig */;
			buildSettings = {
				ALWAYS_SEARCH_USER_PATHS = NO;
				CLANG_ANALYZER_NONNULL = YES;
				CLANG_ANALYZER_NUMBER_OBJECT_CONVERSION = YES_AGGRESSIVE;
				CLANG_CXX_LANGUAGE_STANDARD = "gnu++14";
				CLANG_CXX_LIBRARY = "libc++";
				CLANG_ENABLE_MODULES = YES;
				CLANG_ENABLE_OBJC_ARC = YES;
				CLANG_WARN_BLOCK_CAPTURE_AUTORELEASING = YES;
				CLANG_WARN_BOOL_CONVERSION = YES;
				CLANG_WARN_COMMA = YES;
				CLANG_WARN_CONSTANT_CONVERSION = YES;
				CLANG_WARN_DEPRECATED_OBJC_IMPLEMENTATIONS = YES;
				CLANG_WARN_DIRECT_OBJC_ISA_USAGE = YES_ERROR;
				CLANG_WARN_DOCUMENTATION_COMMENTS = YES;
				CLANG_WARN_EMPTY_BODY = YES;
				CLANG_WARN_ENUM_CONVERSION = YES;
				CLANG_WARN_INFINITE_RECURSION = YES;
				CLANG_WARN_INT_CONVERSION = YES;
				CLANG_WARN_NON_LITERAL_NULL_CONVERSION = YES;
				CLANG_WARN_OBJC_IMPLICIT_RETAIN_SELF = YES;
				CLANG_WARN_OBJC_LITERAL_CONVERSION = YES;
				CLANG_WARN_OBJC_ROOT_CLASS = YES_ERROR;
				CLANG_WARN_RANGE_LOOP_ANALYSIS = YES;
				CLANG_WARN_STRICT_PROTOTYPES = YES;
				CLANG_WARN_SUSPICIOUS_MOVE = YES;
				CLANG_WARN_UNGUARDED_AVAILABILITY = YES_AGGRESSIVE;
				CLANG_WARN_UNREACHABLE_CODE = YES;
				CLANG_WARN__DUPLICATE_METHOD_MATCH = YES;
				CODE_SIGN_IDENTITY = "iPhone Developer";
				COPY_PHASE_STRIP = NO;
				DEBUG_INFORMATION_FORMAT = "dwarf-with-dsym";
				ENABLE_BITCODE = NO;
				ENABLE_NS_ASSERTIONS = NO;
				ENABLE_STRICT_OBJC_MSGSEND = YES;
				GCC_C_LANGUAGE_STANDARD = gnu11;
				GCC_NO_COMMON_BLOCKS = YES;
				GCC_WARN_64_TO_32_BIT_CONVERSION = YES;
				GCC_WARN_ABOUT_RETURN_TYPE = YES_ERROR;
				GCC_WARN_UNDECLARED_SELECTOR = YES;
				GCC_WARN_UNINITIALIZED_AUTOS = YES_AGGRESSIVE;
				GCC_WARN_UNUSED_FUNCTION = YES;
				GCC_WARN_UNUSED_VARIABLE = YES;
				IPHONEOS_DEPLOYMENT_TARGET = 12.4;
				MTL_ENABLE_DEBUG_INFO = NO;
				OTHER_LDFLAGS = "-ObjC";
				SDKROOT = iphoneos;
				SWIFT_COMPILATION_MODE = wholemodule;
				SWIFT_OPTIMIZATION_LEVEL = "-O";
				VALIDATE_PRODUCT = YES;
			};
			name = "Release Dev";
		};
		B58BF8EA1FF3D3590013594E /* Release Dev */ = {
			isa = XCBuildConfiguration;
			baseConfigurationReference = B58BF8E41FF3D3290013594E /* Dev.xcconfig */;
			buildSettings = {
				ASSETCATALOG_COMPILER_APPICON_NAME = AppIcon;
				CLANG_ENABLE_MODULES = YES;
				CODE_SIGN_IDENTITY = "iPhone Developer";
				"CODE_SIGN_IDENTITY[sdk=iphoneos*]" = "iPhone Developer";
				CODE_SIGN_STYLE = Automatic;
				DEVELOPMENT_TEAM = 52835LBYCZ;
				FRAMEWORK_SEARCH_PATHS = (
					"$(inherited)",
					"$(PROJECT_DIR)/Carthage/Build/iOS",
					"$(PROJECT_DIR)/Frameworks",
				);
				INFOPLIST_FILE = JahPress/Info.plist;
				IPHONEOS_DEPLOYMENT_TARGET = 11.4;
				LD_RUNPATH_SEARCH_PATHS = (
					"$(inherited)",
					"@executable_path/Frameworks",
				);
				MARKETING_VERSION = 2.0.0;
				PRODUCT_BUNDLE_IDENTIFIER = "de.nerdoc-codinger.jahpress";
				PRODUCT_NAME = "$(TARGET_NAME)";
				PROVISIONING_PROFILE_SPECIFIER = "";
				SWIFT_OBJC_BRIDGING_HEADER = "JahPress/StreamPlayer/JahPress-Bridging-Header.h";
				SWIFT_VERSION = 4.2;
				TARGETED_DEVICE_FAMILY = 1;
			};
			name = "Release Dev";
		};
		B5A48F711FDE7BB70052C6A1 /* Debug Prod */ = {
			isa = XCBuildConfiguration;
			baseConfigurationReference = B58C0D281FEE86EC0031BC88 /* JahPress.xcconfig */;
			buildSettings = {
				ALWAYS_SEARCH_USER_PATHS = NO;
				CLANG_ANALYZER_NONNULL = YES;
				CLANG_ANALYZER_NUMBER_OBJECT_CONVERSION = YES_AGGRESSIVE;
				CLANG_CXX_LANGUAGE_STANDARD = "gnu++14";
				CLANG_CXX_LIBRARY = "libc++";
				CLANG_ENABLE_MODULES = YES;
				CLANG_ENABLE_OBJC_ARC = YES;
				CLANG_WARN_BLOCK_CAPTURE_AUTORELEASING = YES;
				CLANG_WARN_BOOL_CONVERSION = YES;
				CLANG_WARN_COMMA = YES;
				CLANG_WARN_CONSTANT_CONVERSION = YES;
				CLANG_WARN_DEPRECATED_OBJC_IMPLEMENTATIONS = YES;
				CLANG_WARN_DIRECT_OBJC_ISA_USAGE = YES_ERROR;
				CLANG_WARN_DOCUMENTATION_COMMENTS = YES;
				CLANG_WARN_EMPTY_BODY = YES;
				CLANG_WARN_ENUM_CONVERSION = YES;
				CLANG_WARN_INFINITE_RECURSION = YES;
				CLANG_WARN_INT_CONVERSION = YES;
				CLANG_WARN_NON_LITERAL_NULL_CONVERSION = YES;
				CLANG_WARN_OBJC_IMPLICIT_RETAIN_SELF = YES;
				CLANG_WARN_OBJC_LITERAL_CONVERSION = YES;
				CLANG_WARN_OBJC_ROOT_CLASS = YES_ERROR;
				CLANG_WARN_RANGE_LOOP_ANALYSIS = YES;
				CLANG_WARN_STRICT_PROTOTYPES = YES;
				CLANG_WARN_SUSPICIOUS_MOVE = YES;
				CLANG_WARN_UNGUARDED_AVAILABILITY = YES_AGGRESSIVE;
				CLANG_WARN_UNREACHABLE_CODE = YES;
				CLANG_WARN__DUPLICATE_METHOD_MATCH = YES;
				CODE_SIGN_IDENTITY = "iPhone Developer";
				COPY_PHASE_STRIP = NO;
				DEBUG_INFORMATION_FORMAT = dwarf;
				ENABLE_BITCODE = NO;
				ENABLE_STRICT_OBJC_MSGSEND = YES;
				ENABLE_TESTABILITY = YES;
				GCC_C_LANGUAGE_STANDARD = gnu11;
				GCC_DYNAMIC_NO_PIC = NO;
				GCC_NO_COMMON_BLOCKS = YES;
				GCC_OPTIMIZATION_LEVEL = 0;
				GCC_PREPROCESSOR_DEFINITIONS = (
					"DEBUG=1",
					"$(inherited)",
				);
				GCC_WARN_64_TO_32_BIT_CONVERSION = YES;
				GCC_WARN_ABOUT_RETURN_TYPE = YES_ERROR;
				GCC_WARN_UNDECLARED_SELECTOR = YES;
				GCC_WARN_UNINITIALIZED_AUTOS = YES_AGGRESSIVE;
				GCC_WARN_UNUSED_FUNCTION = YES;
				GCC_WARN_UNUSED_VARIABLE = YES;
				IPHONEOS_DEPLOYMENT_TARGET = 12.4;
				MTL_ENABLE_DEBUG_INFO = YES;
				ONLY_ACTIVE_ARCH = YES;
				OTHER_LDFLAGS = "-ObjC";
				SDKROOT = iphoneos;
				SWIFT_ACTIVE_COMPILATION_CONDITIONS = DEBUG;
				SWIFT_OPTIMIZATION_LEVEL = "-Onone";
			};
			name = "Debug Prod";
		};
		B5A48F721FDE7BB70052C6A1 /* Release Prod */ = {
			isa = XCBuildConfiguration;
			baseConfigurationReference = B58C0D281FEE86EC0031BC88 /* JahPress.xcconfig */;
			buildSettings = {
				ALWAYS_SEARCH_USER_PATHS = NO;
				CLANG_ANALYZER_NONNULL = YES;
				CLANG_ANALYZER_NUMBER_OBJECT_CONVERSION = YES_AGGRESSIVE;
				CLANG_CXX_LANGUAGE_STANDARD = "gnu++14";
				CLANG_CXX_LIBRARY = "libc++";
				CLANG_ENABLE_MODULES = YES;
				CLANG_ENABLE_OBJC_ARC = YES;
				CLANG_WARN_BLOCK_CAPTURE_AUTORELEASING = YES;
				CLANG_WARN_BOOL_CONVERSION = YES;
				CLANG_WARN_COMMA = YES;
				CLANG_WARN_CONSTANT_CONVERSION = YES;
				CLANG_WARN_DEPRECATED_OBJC_IMPLEMENTATIONS = YES;
				CLANG_WARN_DIRECT_OBJC_ISA_USAGE = YES_ERROR;
				CLANG_WARN_DOCUMENTATION_COMMENTS = YES;
				CLANG_WARN_EMPTY_BODY = YES;
				CLANG_WARN_ENUM_CONVERSION = YES;
				CLANG_WARN_INFINITE_RECURSION = YES;
				CLANG_WARN_INT_CONVERSION = YES;
				CLANG_WARN_NON_LITERAL_NULL_CONVERSION = YES;
				CLANG_WARN_OBJC_IMPLICIT_RETAIN_SELF = YES;
				CLANG_WARN_OBJC_LITERAL_CONVERSION = YES;
				CLANG_WARN_OBJC_ROOT_CLASS = YES_ERROR;
				CLANG_WARN_RANGE_LOOP_ANALYSIS = YES;
				CLANG_WARN_STRICT_PROTOTYPES = YES;
				CLANG_WARN_SUSPICIOUS_MOVE = YES;
				CLANG_WARN_UNGUARDED_AVAILABILITY = YES_AGGRESSIVE;
				CLANG_WARN_UNREACHABLE_CODE = YES;
				CLANG_WARN__DUPLICATE_METHOD_MATCH = YES;
				CODE_SIGN_IDENTITY = "iPhone Developer";
				COPY_PHASE_STRIP = NO;
				DEBUG_INFORMATION_FORMAT = "dwarf-with-dsym";
				ENABLE_BITCODE = NO;
				ENABLE_NS_ASSERTIONS = NO;
				ENABLE_STRICT_OBJC_MSGSEND = YES;
				GCC_C_LANGUAGE_STANDARD = gnu11;
				GCC_NO_COMMON_BLOCKS = YES;
				GCC_WARN_64_TO_32_BIT_CONVERSION = YES;
				GCC_WARN_ABOUT_RETURN_TYPE = YES_ERROR;
				GCC_WARN_UNDECLARED_SELECTOR = YES;
				GCC_WARN_UNINITIALIZED_AUTOS = YES_AGGRESSIVE;
				GCC_WARN_UNUSED_FUNCTION = YES;
				GCC_WARN_UNUSED_VARIABLE = YES;
				IPHONEOS_DEPLOYMENT_TARGET = 12.4;
				MTL_ENABLE_DEBUG_INFO = NO;
				ONLY_ACTIVE_ARCH = YES;
				OTHER_LDFLAGS = "-ObjC";
				SDKROOT = iphoneos;
				SWIFT_COMPILATION_MODE = wholemodule;
				SWIFT_OPTIMIZATION_LEVEL = "-O";
				VALIDATE_PRODUCT = YES;
			};
			name = "Release Prod";
		};
		B5A48F741FDE7BB70052C6A1 /* Debug Prod */ = {
			isa = XCBuildConfiguration;
			baseConfigurationReference = B58BF8E31FF3D3290013594E /* Prod.xcconfig */;
			buildSettings = {
				ASSETCATALOG_COMPILER_APPICON_NAME = AppIcon;
				CLANG_ENABLE_MODULES = YES;
				CODE_SIGN_IDENTITY = "iPhone Developer";
				"CODE_SIGN_IDENTITY[sdk=iphoneos*]" = "iPhone Developer";
				CODE_SIGN_STYLE = Automatic;
				DEVELOPMENT_TEAM = 52835LBYCZ;
				FRAMEWORK_SEARCH_PATHS = (
					"$(inherited)",
					"$(PROJECT_DIR)/Carthage/Build/iOS",
					"$(PROJECT_DIR)/Frameworks",
				);
				INFOPLIST_FILE = JahPress/Info.plist;
				IPHONEOS_DEPLOYMENT_TARGET = 11.4;
				LD_RUNPATH_SEARCH_PATHS = (
					"$(inherited)",
					"@executable_path/Frameworks",
				);
				MARKETING_VERSION = 2.0.0;
				PRODUCT_BUNDLE_IDENTIFIER = "de.nerdoc-codinger.jahpress";
				PRODUCT_NAME = "$(TARGET_NAME)";
				PROVISIONING_PROFILE = "";
				PROVISIONING_PROFILE_SPECIFIER = "";
				SWIFT_OBJC_BRIDGING_HEADER = "JahPress/StreamPlayer/JahPress-Bridging-Header.h";
				SWIFT_OPTIMIZATION_LEVEL = "-Onone";
				SWIFT_VERSION = 4.2;
				TARGETED_DEVICE_FAMILY = 1;
			};
			name = "Debug Prod";
		};
		B5A48F751FDE7BB70052C6A1 /* Release Prod */ = {
			isa = XCBuildConfiguration;
			baseConfigurationReference = B58BF8E31FF3D3290013594E /* Prod.xcconfig */;
			buildSettings = {
				ASSETCATALOG_COMPILER_APPICON_NAME = AppIcon;
				CLANG_ENABLE_MODULES = YES;
				CODE_SIGN_IDENTITY = "iPhone Developer";
				"CODE_SIGN_IDENTITY[sdk=iphoneos*]" = "iPhone Distribution";
				CODE_SIGN_STYLE = Automatic;
				DEVELOPMENT_TEAM = 52835LBYCZ;
				FRAMEWORK_SEARCH_PATHS = (
					"$(inherited)",
					"$(PROJECT_DIR)/Carthage/Build/iOS",
					"$(PROJECT_DIR)/Frameworks",
				);
				INFOPLIST_FILE = JahPress/Info.plist;
				IPHONEOS_DEPLOYMENT_TARGET = 11.4;
				LD_RUNPATH_SEARCH_PATHS = (
					"$(inherited)",
					"@executable_path/Frameworks",
				);
				MARKETING_VERSION = 2.0.0;
				PRODUCT_BUNDLE_IDENTIFIER = "de.nerdoc-codinger.jahpress";
				PRODUCT_NAME = "$(TARGET_NAME)";
				PROVISIONING_PROFILE = "19b99b91-4f2c-461b-981f-4711ca4d3af4";
				PROVISIONING_PROFILE_SPECIFIER = "";
				SWIFT_OBJC_BRIDGING_HEADER = "JahPress/StreamPlayer/JahPress-Bridging-Header.h";
				SWIFT_VERSION = 4.2;
				TARGETED_DEVICE_FAMILY = 1;
			};
			name = "Release Prod";
		};
/* End XCBuildConfiguration section */

/* Begin XCConfigurationList section */
		B5A48F461FDE7BB70052C6A1 /* Build configuration list for PBXProject "JahPress" */ = {
			isa = XCConfigurationList;
			buildConfigurations = (
				B5A48F711FDE7BB70052C6A1 /* Debug Prod */,
				B50794582008AA74008CF3F0 /* Debug QA */,
				B58BF8E51FF3D34F0013594E /* Debug Dev */,
				B5A48F721FDE7BB70052C6A1 /* Release Prod */,
				B50794542008AA68008CF3F0 /* Release QA */,
				B58BF8E91FF3D3590013594E /* Release Dev */,
			);
			defaultConfigurationIsVisible = 0;
			defaultConfigurationName = "Release Prod";
		};
		B5A48F731FDE7BB70052C6A1 /* Build configuration list for PBXNativeTarget "JahPress" */ = {
			isa = XCConfigurationList;
			buildConfigurations = (
				B5A48F741FDE7BB70052C6A1 /* Debug Prod */,
				B50794592008AA74008CF3F0 /* Debug QA */,
				B58BF8E61FF3D34F0013594E /* Debug Dev */,
				B5A48F751FDE7BB70052C6A1 /* Release Prod */,
				B50794552008AA68008CF3F0 /* Release QA */,
				B58BF8EA1FF3D3590013594E /* Release Dev */,
			);
			defaultConfigurationIsVisible = 0;
			defaultConfigurationName = "Release Prod";
		};
/* End XCConfigurationList section */

/* Begin XCRemoteSwiftPackageReference section */
		41DA057C242E4C6800240840 /* XCRemoteSwiftPackageReference "PromiseKit" */ = {
			isa = XCRemoteSwiftPackageReference;
			repositoryURL = "https://github.com/mxcl/PromiseKit";
			requirement = {
				kind = upToNextMajorVersion;
				minimumVersion = 6.13.1;
			};
		};
		41DA057F242E4CDE00240840 /* XCRemoteSwiftPackageReference "Anchorage" */ = {
			isa = XCRemoteSwiftPackageReference;
			repositoryURL = "https://github.com/Rightpoint/Anchorage";
			requirement = {
				kind = upToNextMajorVersion;
				minimumVersion = 4.4.0;
			};
		};
		41DA0585242E4D4F00240840 /* XCRemoteSwiftPackageReference "XCGLogger" */ = {
			isa = XCRemoteSwiftPackageReference;
			repositoryURL = "https://github.com/DaveWoodCom/XCGLogger";
			requirement = {
				kind = upToNextMajorVersion;
				minimumVersion = 7.0.1;
			};
		};
		41DA058A242E4EF500240840 /* XCRemoteSwiftPackageReference "SwiftEventBus" */ = {
			isa = XCRemoteSwiftPackageReference;
			repositoryURL = "https://github.com/cesarferreira/SwiftEventBus";
			requirement = {
				kind = upToNextMajorVersion;
				minimumVersion = 5.0.1;
			};
		};
/* End XCRemoteSwiftPackageReference section */

/* Begin XCSwiftPackageProductDependency section */
		41DA057D242E4C6800240840 /* PromiseKit */ = {
			isa = XCSwiftPackageProductDependency;
			package = 41DA057C242E4C6800240840 /* XCRemoteSwiftPackageReference "PromiseKit" */;
			productName = PromiseKit;
		};
		41DA0580242E4CDE00240840 /* Anchorage */ = {
			isa = XCSwiftPackageProductDependency;
			package = 41DA057F242E4CDE00240840 /* XCRemoteSwiftPackageReference "Anchorage" */;
			productName = Anchorage;
		};
		41DA0586242E4D4F00240840 /* ObjcExceptionBridging */ = {
			isa = XCSwiftPackageProductDependency;
			package = 41DA0585242E4D4F00240840 /* XCRemoteSwiftPackageReference "XCGLogger" */;
			productName = ObjcExceptionBridging;
		};
		41DA0588242E4D4F00240840 /* XCGLogger */ = {
			isa = XCSwiftPackageProductDependency;
			package = 41DA0585242E4D4F00240840 /* XCRemoteSwiftPackageReference "XCGLogger" */;
			productName = XCGLogger;
		};
		41DA058B242E4EF500240840 /* SwiftEventBus */ = {
			isa = XCSwiftPackageProductDependency;
			package = 41DA058A242E4EF500240840 /* XCRemoteSwiftPackageReference "SwiftEventBus" */;
			productName = SwiftEventBus;
		};
/* End XCSwiftPackageProductDependency section */
	};
	rootObject = B5A48F431FDE7BB70052C6A1 /* Project object */;
}
